<Solution>
  <Folder Name="/src/">
    <Project Path="src/RoomBooking.Api/RoomBooking.Api.csproj" />
    <Project Path="src/RoomBooking.Application/RoomBooking.Application.csproj" />
    <Project Path="src/RoomBooking.Domain/RoomBooking.Domain.csproj" />
    <Project Path="src/RoomBooking.Infrastructure/RoomBooking.Infrastructure.csproj" />
  </Folder>

</Solution>
